
Microsoft Visual Studio Solution File, Format Version 12.00
# Visual Studio Version 17
VisualStudioVersion = 17.3.32929.385
MinimumVisualStudioVersion = 10.0.40219.1
Project("{FAE04EC0-301F-11D3-BF4B-00C04F79EFBC}") = "Interface_demo1", "Interface_demo1.csproj", "{F921F006-E9C5-47F4-BF1C-B178DD83F532}"
EndProject
Global
	GlobalSection(SolutionConfigurationPlatforms) = preSolution
		Debug|Any CPU = Debug|Any CPU
		Release|Any CPU = Release|Any CPU
	EndGlobalSection
	GlobalSection(ProjectConfigurationPlatforms) = postSolution
		{F921F006-E9C5-47F4-BF1C-B178DD83F532}.Debug|Any CPU.ActiveCfg = Debug|Any CPU
		{F921F006-E9C5-47F4-BF1C-B178DD83F532}.Debug|Any CPU.Build.0 = Debug|Any CPU
		{F921F006-E9C5-47F4-BF1C-B178DD83F532}.Release|Any CPU.ActiveCfg = Release|Any CPU
		{F921F006-E9C5-47F4-BF1C-B178DD83F532}.Release|Any CPU.Build.0 = Release|Any CPU
	EndGlobalSection
	GlobalSection(SolutionProperties) = preSolution
		HideSolutionNode = FALSE
	EndGlobalSection
	GlobalSection(ExtensibilityGlobals) = postSolution
		SolutionGuid = {0A0DDB89-7572-4F59-B32B-ED87401959AB}
	EndGlobalSection
EndGlobal
